
Microsoft Visual Studio Solution File, Format Version 12.00
# Visual Studio Version 16
VisualStudioVersion = 16.0.31729.503
MinimumVisualStudioVersion = 10.0.40219.1
Project("{FAE04EC0-301F-11D3-BF4B-00C04F79EFBC}") = "demoUWP", "demoUWP\demoUWP.csproj", "{2C14DD8F-7C71-4D91-9BBC-4BCC33D573A3}"
EndProject
Project("{FAE04EC0-301F-11D3-BF4B-00C04F79EFBC}") = "demoUWP.Tests.xUnit", "demoUWP.Tests.xUnit\demoUWP.Tests.xUnit.csproj", "{5EA9B9BF-B817-4244-BD32-572541F71417}"
EndProject
Project("{9A19103F-16F7-4668-BE54-9A1E7A4F7556}") = "demoUWP.Core", "demoUWP.Core\demoUWP.Core.csproj", "{45131050-2736-496D-84F0-ACEC9435ED96}"
EndProject
Project("{9A19103F-16F7-4668-BE54-9A1E7A4F7556}") = "demoUWP.Core.Tests.xUnit", "demoUWP.Core.Tests.xUnit\demoUWP.Core.Tests.xUnit.csproj", "{EC047C53-6A53-4EE9-A927-90551C9EEEFC}"
EndProject
Global
	GlobalSection(SolutionConfigurationPlatforms) = preSolution
		Debug|Any CPU = Debug|Any CPU
		Debug|ARM = Debug|ARM
		Debug|ARM64 = Debug|ARM64
		Debug|x64 = Debug|x64
		Debug|x86 = Debug|x86
		Release|Any CPU = Release|Any CPU
		Release|ARM = Release|ARM
		Release|ARM64 = Release|ARM64
		Release|x64 = Release|x64
		Release|x86 = Release|x86
	EndGlobalSection
	GlobalSection(ProjectConfigurationPlatforms) = postSolution
		{2C14DD8F-7C71-4D91-9BBC-4BCC33D573A3}.Debug|Any CPU.ActiveCfg = Debug|x86
		{2C14DD8F-7C71-4D91-9BBC-4BCC33D573A3}.Debug|ARM.ActiveCfg = Debug|ARM
		{2C14DD8F-7C71-4D91-9BBC-4BCC33D573A3}.Debug|ARM.Build.0 = Debug|ARM
		{2C14DD8F-7C71-4D91-9BBC-4BCC33D573A3}.Debug|ARM.Deploy.0 = Debug|ARM
		{2C14DD8F-7C71-4D91-9BBC-4BCC33D573A3}.Debug|ARM64.ActiveCfg = Debug|ARM64
		{2C14DD8F-7C71-4D91-9BBC-4BCC33D573A3}.Debug|ARM64.Build.0 = Debug|ARM64
		{2C14DD8F-7C71-4D91-9BBC-4BCC33D573A3}.Debug|ARM64.Deploy.0 = Debug|ARM64
		{2C14DD8F-7C71-4D91-9BBC-4BCC33D573A3}.Debug|x64.ActiveCfg = Debug|x64
		{2C14DD8F-7C71-4D91-9BBC-4BCC33D573A3}.Debug|x64.Build.0 = Debug|x64
		{2C14DD8F-7C71-4D91-9BBC-4BCC33D573A3}.Debug|x64.Deploy.0 = Debug|x64
		{2C14DD8F-7C71-4D91-9BBC-4BCC33D573A3}.Debug|x86.ActiveCfg = Debug|x86
		{2C14DD8F-7C71-4D91-9BBC-4BCC33D573A3}.Debug|x86.Build.0 = Debug|x86
		{2C14DD8F-7C71-4D91-9BBC-4BCC33D573A3}.Debug|x86.Deploy.0 = Debug|x86
		{2C14DD8F-7C71-4D91-9BBC-4BCC33D573A3}.Release|Any CPU.ActiveCfg = Release|x86
		{2C14DD8F-7C71-4D91-9BBC-4BCC33D573A3}.Release|ARM.ActiveCfg = Release|ARM
		{2C14DD8F-7C71-4D91-9BBC-4BCC33D573A3}.Release|ARM.Build.0 = Release|ARM
		{2C14DD8F-7C71-4D91-9BBC-4BCC33D573A3}.Release|ARM.Deploy.0 = Release|ARM
		{2C14DD8F-7C71-4D91-9BBC-4BCC33D573A3}.Release|ARM64.ActiveCfg = Release|ARM64
		{2C14DD8F-7C71-4D91-9BBC-4BCC33D573A3}.Release|ARM64.Build.0 = Release|ARM64
		{2C14DD8F-7C71-4D91-9BBC-4BCC33D573A3}.Release|ARM64.Deploy.0 = Release|ARM64
		{2C14DD8F-7C71-4D91-9BBC-4BCC33D573A3}.Release|x64.ActiveCfg = Release|x64
		{2C14DD8F-7C71-4D91-9BBC-4BCC33D573A3}.Release|x64.Build.0 = Release|x64
		{2C14DD8F-7C71-4D91-9BBC-4BCC33D573A3}.Release|x64.Deploy.0 = Release|x64
		{2C14DD8F-7C71-4D91-9BBC-4BCC33D573A3}.Release|x86.ActiveCfg = Release|x86
		{2C14DD8F-7C71-4D91-9BBC-4BCC33D573A3}.Release|x86.Build.0 = Release|x86
		{2C14DD8F-7C71-4D91-9BBC-4BCC33D573A3}.Release|x86.Deploy.0 = Release|x86
		{5EA9B9BF-B817-4244-BD32-572541F71417}.Debug|Any CPU.ActiveCfg = Debug|x86
		{5EA9B9BF-B817-4244-BD32-572541F71417}.Debug|ARM.ActiveCfg = Debug|ARM
		{5EA9B9BF-B817-4244-BD32-572541F71417}.Debug|ARM.Build.0 = Debug|ARM
		{5EA9B9BF-B817-4244-BD32-572541F71417}.Debug|ARM.Deploy.0 = Debug|ARM
		{5EA9B9BF-B817-4244-BD32-572541F71417}.Debug|ARM64.ActiveCfg = Debug|x86
		{5EA9B9BF-B817-4244-BD32-572541F71417}.Debug|x64.ActiveCfg = Debug|x64
		{5EA9B9BF-B817-4244-BD32-572541F71417}.Debug|x64.Build.0 = Debug|x64
		{5EA9B9BF-B817-4244-BD32-572541F71417}.Debug|x64.Deploy.0 = Debug|x64
		{5EA9B9BF-B817-4244-BD32-572541F71417}.Debug|x86.ActiveCfg = Debug|x86
		{5EA9B9BF-B817-4244-BD32-572541F71417}.Debug|x86.Build.0 = Debug|x86
		{5EA9B9BF-B817-4244-BD32-572541F71417}.Debug|x86.Deploy.0 = Debug|x86
		{5EA9B9BF-B817-4244-BD32-572541F71417}.Release|Any CPU.ActiveCfg = Release|x86
		{5EA9B9BF-B817-4244-BD32-572541F71417}.Release|ARM.ActiveCfg = Release|ARM
		{5EA9B9BF-B817-4244-BD32-572541F71417}.Release|ARM.Build.0 = Release|ARM
		{5EA9B9BF-B817-4244-BD32-572541F71417}.Release|ARM.Deploy.0 = Release|ARM
		{5EA9B9BF-B817-4244-BD32-572541F71417}.Release|ARM64.ActiveCfg = Release|x86
		{5EA9B9BF-B817-4244-BD32-572541F71417}.Release|x64.ActiveCfg = Release|x64
		{5EA9B9BF-B817-4244-BD32-572541F71417}.Release|x64.Build.0 = Release|x64
		{5EA9B9BF-B817-4244-BD32-572541F71417}.Release|x64.Deploy.0 = Release|x64
		{5EA9B9BF-B817-4244-BD32-572541F71417}.Release|x86.ActiveCfg = Release|x86
		{5EA9B9BF-B817-4244-BD32-572541F71417}.Release|x86.Build.0 = Release|x86
		{5EA9B9BF-B817-4244-BD32-572541F71417}.Release|x86.Deploy.0 = Release|x86
		{45131050-2736-496D-84F0-ACEC9435ED96}.Debug|Any CPU.ActiveCfg = Debug|Any CPU
		{45131050-2736-496D-84F0-ACEC9435ED96}.Debug|Any CPU.Build.0 = Debug|Any CPU
		{45131050-2736-496D-84F0-ACEC9435ED96}.Debug|ARM.ActiveCfg = Debug|Any CPU
		{45131050-2736-496D-84F0-ACEC9435ED96}.Debug|ARM.Build.0 = Debug|Any CPU
		{45131050-2736-496D-84F0-ACEC9435ED96}.Debug|ARM64.ActiveCfg = Debug|Any CPU
		{45131050-2736-496D-84F0-ACEC9435ED96}.Debug|ARM64.Build.0 = Debug|Any CPU
		{45131050-2736-496D-84F0-ACEC9435ED96}.Debug|x64.ActiveCfg = Debug|Any CPU
		{45131050-2736-496D-84F0-ACEC9435ED96}.Debug|x64.Build.0 = Debug|Any CPU
		{45131050-2736-496D-84F0-ACEC9435ED96}.Debug|x86.ActiveCfg = Debug|Any CPU
		{45131050-2736-496D-84F0-ACEC9435ED96}.Debug|x86.Build.0 = Debug|Any CPU
		{45131050-2736-496D-84F0-ACEC9435ED96}.Release|Any CPU.ActiveCfg = Release|Any CPU
		{45131050-2736-496D-84F0-ACEC9435ED96}.Release|Any CPU.Build.0 = Release|Any CPU
		{45131050-2736-496D-84F0-ACEC9435ED96}.Release|ARM.ActiveCfg = Release|Any CPU
		{45131050-2736-496D-84F0-ACEC9435ED96}.Release|ARM.Build.0 = Release|Any CPU
		{45131050-2736-496D-84F0-ACEC9435ED96}.Release|ARM64.ActiveCfg = Release|Any CPU
		{45131050-2736-496D-84F0-ACEC9435ED96}.Release|ARM64.Build.0 = Release|Any CPU
		{45131050-2736-496D-84F0-ACEC9435ED96}.Release|x64.ActiveCfg = Release|Any CPU
		{45131050-2736-496D-84F0-ACEC9435ED96}.Release|x64.Build.0 = Release|Any CPU
		{45131050-2736-496D-84F0-ACEC9435ED96}.Release|x86.ActiveCfg = Release|Any CPU
		{45131050-2736-496D-84F0-ACEC9435ED96}.Release|x86.Build.0 = Release|Any CPU
		{EC047C53-6A53-4EE9-A927-90551C9EEEFC}.Debug|Any CPU.ActiveCfg = Debug|Any CPU
		{EC047C53-6A53-4EE9-A927-90551C9EEEFC}.Debug|Any CPU.Build.0 = Debug|Any CPU
		{EC047C53-6A53-4EE9-A927-90551C9EEEFC}.Debug|ARM.ActiveCfg = Debug|Any CPU
		{EC047C53-6A53-4EE9-A927-90551C9EEEFC}.Debug|ARM.Build.0 = Debug|Any CPU
		{EC047C53-6A53-4EE9-A927-90551C9EEEFC}.Debug|ARM64.ActiveCfg = Debug|Any CPU
		{EC047C53-6A53-4EE9-A927-90551C9EEEFC}.Debug|ARM64.Build.0 = Debug|Any CPU
		{EC047C53-6A53-4EE9-A927-90551C9EEEFC}.Debug|x64.ActiveCfg = Debug|Any CPU
		{EC047C53-6A53-4EE9-A927-90551C9EEEFC}.Debug|x64.Build.0 = Debug|Any CPU
		{EC047C53-6A53-4EE9-A927-90551C9EEEFC}.Debug|x86.ActiveCfg = Debug|Any CPU
		{EC047C53-6A53-4EE9-A927-90551C9EEEFC}.Debug|x86.Build.0 = Debug|Any CPU
		{EC047C53-6A53-4EE9-A927-90551C9EEEFC}.Release|Any CPU.ActiveCfg = Release|Any CPU
		{EC047C53-6A53-4EE9-A927-90551C9EEEFC}.Release|Any CPU.Build.0 = Release|Any CPU
		{EC047C53-6A53-4EE9-A927-90551C9EEEFC}.Release|ARM.ActiveCfg = Release|Any CPU
		{EC047C53-6A53-4EE9-A927-90551C9EEEFC}.Release|ARM.Build.0 = Release|Any CPU
		{EC047C53-6A53-4EE9-A927-90551C9EEEFC}.Release|ARM64.ActiveCfg = Release|Any CPU
		{EC047C53-6A53-4EE9-A927-90551C9EEEFC}.Release|ARM64.Build.0 = Release|Any CPU
		{EC047C53-6A53-4EE9-A927-90551C9EEEFC}.Release|x64.ActiveCfg = Release|Any CPU
		{EC047C53-6A53-4EE9-A927-90551C9EEEFC}.Release|x64.Build.0 = Release|Any CPU
		{EC047C53-6A53-4EE9-A927-90551C9EEEFC}.Release|x86.ActiveCfg = Release|Any CPU
		{EC047C53-6A53-4EE9-A927-90551C9EEEFC}.Release|x86.Build.0 = Release|Any CPU
	EndGlobalSection
	GlobalSection(SolutionProperties) = preSolution
		HideSolutionNode = FALSE
	EndGlobalSection
	GlobalSection(ExtensibilityGlobals) = postSolution
		SolutionGuid = {C720E55F-726F-4A2C-8942-2F51C4FA5DF2}
	EndGlobalSection
EndGlobal
